hash: b2deb2cc2f74c78c928a8e58271575eb9d82db26efcc01c71c0a79694616f6c6
updated: 2018-02-22T12:17:49.418774541-08:00
imports:
- name: github.com/beorn7/perks
  version: 4c0e84591b9aa9e6dcfdf3e020114cd81f89d5f9
  subpackages:
  - quantile
- name: github.com/docopt/docopt-go
  version: 784ddc588536785e7299f7272f39101f7faccc3f
- name: github.com/emicklei/go-restful
  version: 26b41036311f2da8242db402557a0dbd09dc83da
  subpackages:
  - log
- name: github.com/ghodss/yaml
  version: 0ca9ea5df5451ffdf184b4428c902747c2c11cd7
- name: github.com/gogo/protobuf
  version: f8f204fd5c977eb54d5a09f3bee74be9a169af67
  subpackages:
  - gogoproto
  - jsonpb
  - proto
  - protoc-gen-gogo/descriptor
  - sortkeys
  - types
- name: github.com/golang/glog
  version: 23def4e6c14b4da8ac2ed8007337bc5eb5007998
- name: github.com/golang/protobuf
  version: bbd03ef6da3a115852eaf24c8a1c46aeb39aa175
  subpackages:
  - jsonpb
  - proto
  - ptypes
  - ptypes/any
  - ptypes/duration
  - ptypes/struct
  - ptypes/timestamp
  - ptypes/wrappers
- name: github.com/hashicorp/errwrap
  version: 7554cd9344cec97297fa6649b055a8c98c2a1e55
- name: github.com/hashicorp/go-multierror
  version: b7773ae218740a7be65057fc60b366a49b538a44
- name: github.com/howeyc/fsnotify
  version: f0c08ee9c60704c1879025f2ae0ff3e000082c13
- name: github.com/inconshreveable/mousetrap
  version: 76626ae9c91c4f2a10f34cad8ce83ea42c93bb75
- name: github.com/matttproud/golang_protobuf_extensions
  version: c12348ce28de40eed0136aa2b644d0ee0650e56c
  subpackages:
  - pbutil
- name: github.com/natefinch/lumberjack
  version: aee4629129445bbdfb69aa565537dcfa16544311
- name: github.com/onsi/gomega
  version: 003f63b7f4cff3fc95357005358af2de0f5fe152
  subpackages:
  - format
  - internal/assertion
  - internal/asyncassertion
  - internal/oraclematcher
  - internal/testingtsupport
  - matchers
  - matchers/support/goraph/bipartitegraph
  - matchers/support/goraph/edge
  - matchers/support/goraph/node
  - matchers/support/goraph/util
  - types
- name: github.com/prometheus/client_golang
  version: e69720d204a4aa3b0c65dc91208645ba0a52b9cd
  subpackages:
  - prometheus
- name: github.com/prometheus/client_model
  version: 99fa1f4be8e564e8a6b613da7fa6f46c9edafc6c
  subpackages:
  - go
- name: github.com/prometheus/common
  version: 89604d197083d4781071d3c65855d24ecfb0a563
  subpackages:
  - expfmt
  - internal/bitbucket.org/ww/goautoneg
  - model
- name: github.com/prometheus/procfs
  version: 282c8707aa210456a825798969cc27edda34992a
  subpackages:
  - internal/util
  - nfs
  - xfs
- name: github.com/sirupsen/logrus
  version: d682213848ed68c0a260ca37d6dd5ace8423f5ba
- name: github.com/spf13/cobra
  version: a1e4933ab784095895e33dbe9f001ba10cfe2060
- name: github.com/spf13/pflag
  version: ee5fd03fd6acfd43e44aea0b4135958546ed8e73
- name: go.uber.org/atomic
  version: 8474b86a5a6f79c443ce4b2992817ff32cf208b8
- name: go.uber.org/multierr
  version: 3c4937480c32f4c13a875a1829af76c98ca3d40a
- name: go.uber.org/zap
  version: f85c78b1dd998214c5f2138155b320a4a43fbe36
  subpackages:
  - buffer
  - internal/bufferpool
  - internal/color
  - internal/exit
  - zapcore
  - zapgrpc
- name: golang.org/x/crypto
  version: 49796115aa4b964c318aad4f3084fdb41e9aa067
  subpackages:
  - ssh/terminal
- name: golang.org/x/net
  version: cbe0f9307d0156177f9dd5dc85da1a31abc5f2fb
  subpackages:
  - context
  - html
  - html/atom
  - html/charset
  - http2
  - http2/hpack
  - idna
  - internal/timeseries
  - lex/httplex
  - trace
- name: golang.org/x/sys
  version: 37707fdb30a5b38865cfb95e5aab41707daec7fd
  subpackages:
  - unix
  - windows
- name: golang.org/x/text
  version: 9e2b64d659da1afe07ce1c9c1dfefc09d188f21e
  subpackages:
  - encoding
  - encoding/charmap
  - encoding/htmlindex
  - encoding/internal
  - encoding/internal/identifier
  - encoding/japanese
  - encoding/korean
  - encoding/simplifiedchinese
  - encoding/traditionalchinese
  - encoding/unicode
  - internal/tag
  - internal/utf8internal
  - language
  - runes
  - secure/bidirule
  - transform
  - unicode/bidi
  - unicode/norm
- name: golang.org/x/time
  version: 6dc17368e09b0e8634d71cac8168d853e869a0c7
  subpackages:
  - rate
- name: google.golang.org/genproto
  version: 2b5a72b8730b0b16380010cfe5286c42108d88e7
  subpackages:
  - googleapis/rpc/status
- name: google.golang.org/grpc
  version: 12da02619462d233b63694c45e28fa98876d387d
  subpackages:
  - balancer
  - balancer/base
  - balancer/roundrobin
  - codes
  - connectivity
  - credentials
  - encoding
  - encoding/proto
  - grpclb/grpc_lb_v1/messages
  - grpclog
  - internal
  - keepalive
  - metadata
  - naming
  - peer
  - resolver
  - resolver/dns
  - resolver/passthrough
  - stats
  - status
  - tap
  - transport
- name: gopkg.in/yaml.v2
  version: d670f9405373e636a5a2765eea47fac0c9bc91a4
- name: istio.io/api
  version: 24209c4d7c9713900ac7571dfc38dd2eeea3f167
  repo: git@github.com:istio/api.git
  subpackages:
  - mesh/v1alpha1
  - mixer/v1
  - mixer/v1/config/client
  - routing/v1alpha1
  - routing/v1alpha2
- name: istio.io/gogo-genproto
  version: dd2b5b6a8f1400838165245e704a011a30154a44
  subpackages:
  - googleapis/google/rpc
- name: istio.io/istio
  version: f2a997272f373177053764152defcfd605ce98e0
  repo: git@github.com:spikecurtis/istio.git
  subpackages:
  - pilot/pkg/model
  - pilot/pkg/model/test
  - pilot/pkg/proxy
  - pilot/pkg/proxy/envoy
  - pilot/pkg/proxy/envoy/v1
  - pkg/bootstrap
  - pkg/log
  - pkg/util
  - pkg/version
testImports: []
